// !$*UTF8*$!
{
	archiveVersion = 1;
	classes = {
	};
	objectVersion = 46;
	objects = {

/* Begin PBXBuildFile section */
		697A34271AEF32A100F36008 /* main.m in Sources */ = {isa = PBXBuildFile; fileRef = 697A34261AEF32A100F36008 /* main.m */; };
		697A342A1AEF32A100F36008 /* AppDelegate.m in Sources */ = {isa = PBXBuildFile; fileRef = 697A34291AEF32A100F36008 /* AppDelegate.m */; };
		697A342D1AEF32A100F36008 /* MasterViewController.m in Sources */ = {isa = PBXBuildFile; fileRef = 697A342C1AEF32A100F36008 /* MasterViewController.m */; };
		697A34301AEF32A100F36008 /* DetailViewController.m in Sources */ = {isa = PBXBuildFile; fileRef = 697A342F1AEF32A100F36008 /* DetailViewController.m */; };
		697A34331AEF32A100F36008 /* Main.storyboard in Resources */ = {isa = PBXBuildFile; fileRef = 697A34311AEF32A100F36008 /* Main.storyboard */; };
		697A34351AEF32A100F36008 /* Images.xcassets in Resources */ = {isa = PBXBuildFile; fileRef = 697A34341AEF32A100F36008 /* Images.xcassets */; };
		697A34381AEF32A100F36008 /* LaunchScreen.xib in Resources */ = {isa = PBXBuildFile; fileRef = 697A34361AEF32A100F36008 /* LaunchScreen.xib */; };
		697A34441AEF32A100F36008 /* HandsOffDemoTests.m in Sources */ = {isa = PBXBuildFile; fileRef = 697A34431AEF32A100F36008 /* HandsOffDemoTests.m */; };
		697A344F1AEF3D2900F36008 /* README.md in Resources */ = {isa = PBXBuildFile; fileRef = 697A344E1AEF3D2900F36008 /* README.md */; };
/* End PBXBuildFile section */

/* Begin PBXContainerItemProxy section */
		697A343E1AEF32A100F36008 /* PBXContainerItemProxy */ = {
			isa = PBXContainerItemProxy;
			containerPortal = 697A34191AEF32A100F36008 /* Project object */;
			proxyType = 1;
			remoteGlobalIDString = 697A34201AEF32A100F36008;
			remoteInfo = HandsOffDemo;
		};
/* End PBXContainerItemProxy section */

/* Begin PBXFileReference section */
		697A34211AEF32A100F36008 /* HandsOffDemo.app */ = {isa = PBXFileReference; explicitFileType = wrapper.application; includeInIndex = 0; path = HandsOffDemo.app; sourceTree = BUILT_PRODUCTS_DIR; };
		697A34251AEF32A100F36008 /* Info.plist */ = {isa = PBXFileReference; lastKnownFileType = text.plist.xml; path = Info.plist; sourceTree = "<group>"; };
		697A34261AEF32A100F36008 /* main.m */ = {isa = PBXFileReference; lastKnownFileType = sourcecode.c.objc; path = main.m; sourceTree = "<group>"; };
		697A34281AEF32A100F36008 /* AppDelegate.h */ = {isa = PBXFileReference; lastKnownFileType = sourcecode.c.h; path = AppDelegate.h; sourceTree = "<group>"; };
		697A34291AEF32A100F36008 /* AppDelegate.m */ = {isa = PBXFileReference; lastKnownFileType = sourcecode.c.objc; path = AppDelegate.m; sourceTree = "<group>"; };
		697A342B1AEF32A100F36008 /* MasterViewController.h */ = {isa = PBXFileReference; lastKnownFileType = sourcecode.c.h; path = MasterViewController.h; sourceTree = "<group>"; };
		697A342C1AEF32A100F36008 /* MasterViewController.m */ = {isa = PBXFileReference; lastKnownFileType = sourcecode.c.objc; path = MasterViewController.m; sourceTree = "<group>"; };
		697A342E1AEF32A100F36008 /* DetailViewController.h */ = {isa = PBXFileReference; lastKnownFileType = sourcecode.c.h; path = DetailViewController.h; sourceTree = "<group>"; };
		697A342F1AEF32A100F36008 /* DetailViewController.m */ = {isa = PBXFileReference; lastKnownFileType = sourcecode.c.objc; path = DetailViewController.m; sourceTree = "<group>"; };
		697A34321AEF32A100F36008 /* Base */ = {isa = PBXFileReference; lastKnownFileType = file.storyboard; name = Base; path = Base.lproj/Main.storyboard; sourceTree = "<group>"; };
		697A34341AEF32A100F36008 /* Images.xcassets */ = {isa = PBXFileReference; lastKnownFileType = folder.assetcatalog; path = Images.xcassets; sourceTree = "<group>"; };
		697A34371AEF32A100F36008 /* Base */ = {isa = PBXFileReference; lastKnownFileType = file.xib; name = Base; path = Base.lproj/LaunchScreen.xib; sourceTree = "<group>"; };
		697A343D1AEF32A100F36008 /* HandsOffDemoTests.xctest */ = {isa = PBXFileReference; explicitFileType = wrapper.cfbundle; includeInIndex = 0; path = HandsOffDemoTests.xctest; sourceTree = BUILT_PRODUCTS_DIR; };
		697A34421AEF32A100F36008 /* Info.plist */ = {isa = PBXFileReference; lastKnownFileType = text.plist.xml; path = Info.plist; sourceTree = "<group>"; };
		697A34431AEF32A100F36008 /* HandsOffDemoTests.m */ = {isa = PBXFileReference; lastKnownFileType = sourcecode.c.objc; path = HandsOffDemoTests.m; sourceTree = "<group>"; };
		697A344D1AEF3C0600F36008 /* HandsOffDemo.entitlements */ = {isa = PBXFileReference; lastKnownFileType = text.xml; path = HandsOffDemo.entitlements; sourceTree = "<group>"; };
		697A344E1AEF3D2900F36008 /* README.md */ = {isa = PBXFileReference; fileEncoding = 4; lastKnownFileType = net.daringfireball.markdown; path = README.md; sourceTree = "<group>"; };
/* End PBXFileReference section */

/* Begin PBXFrameworksBuildPhase section */
		697A341E1AEF32A100F36008 /* Frameworks */ = {
			isa = PBXFrameworksBuildPhase;
			buildActionMask = 2147483647;
			files = (
			);
			runOnlyForDeploymentPostprocessing = 0;
		};
		697A343A1AEF32A100F36008 /* Frameworks */ = {
			isa = PBXFrameworksBuildPhase;
			buildActionMask = 2147483647;
			files = (
			);
			runOnlyForDeploymentPostprocessing = 0;
		};
/* End PBXFrameworksBuildPhase section */

/* Begin PBXGroup section */
		697A34181AEF32A100F36008 = {
			isa = PBXGroup;
			children = (
				697A344E1AEF3D2900F36008 /* README.md */,
				697A34231AEF32A100F36008 /* HandsOffDemo */,
				697A34401AEF32A100F36008 /* HandsOffDemoTests */,
				697A34221AEF32A100F36008 /* Products */,
			);
			sourceTree = "<group>";
		};
		697A34221AEF32A100F36008 /* Products */ = {
			isa = PBXGroup;
			children = (
				697A34211AEF32A100F36008 /* HandsOffDemo.app */,
				697A343D1AEF32A100F36008 /* HandsOffDemoTests.xctest */,
			);
			name = Products;
			sourceTree = "<group>";
		};
		697A34231AEF32A100F36008 /* HandsOffDemo */ = {
			isa = PBXGroup;
			children = (
				697A344D1AEF3C0600F36008 /* HandsOffDemo.entitlements */,
				697A34281AEF32A100F36008 /* AppDelegate.h */,
				697A34291AEF32A100F36008 /* AppDelegate.m */,
				697A342B1AEF32A100F36008 /* MasterViewController.h */,
				697A342C1AEF32A100F36008 /* MasterViewController.m */,
				697A342E1AEF32A100F36008 /* DetailViewController.h */,
				697A342F1AEF32A100F36008 /* DetailViewController.m */,
				697A34311AEF32A100F36008 /* Main.storyboard */,
				697A34341AEF32A100F36008 /* Images.xcassets */,
				697A34361AEF32A100F36008 /* LaunchScreen.xib */,
				697A34241AEF32A100F36008 /* Supporting Files */,
			);
			path = HandsOffDemo;
			sourceTree = "<group>";
		};
		697A34241AEF32A100F36008 /* Supporting Files */ = {
			isa = PBXGroup;
			children = (
				697A34251AEF32A100F36008 /* Info.plist */,
				697A34261AEF32A100F36008 /* main.m */,
			);
			name = "Supporting Files";
			sourceTree = "<group>";
		};
		697A34401AEF32A100F36008 /* HandsOffDemoTests */ = {
			isa = PBXGroup;
			children = (
				697A34431AEF32A100F36008 /* HandsOffDemoTests.m */,
				697A34411AEF32A100F36008 /* Supporting Files */,
			);
			path = HandsOffDemoTests;
			sourceTree = "<group>";
		};
		697A34411AEF32A100F36008 /* Supporting Files */ = {
			isa = PBXGroup;
			children = (
				697A34421AEF32A100F36008 /* Info.plist */,
			);
			name = "Supporting Files";
			sourceTree = "<group>";
		};
/* End PBXGroup section */

/* Begin PBXNativeTarget section */
		697A34201AEF32A100F36008 /* HandsOffDemo */ = {
			isa = PBXNativeTarget;
			buildConfigurationList = 697A34471AEF32A100F36008 /* Build configuration list for PBXNativeTarget "HandsOffDemo" */;
			buildPhases = (
				697A341D1AEF32A100F36008 /* Sources */,
				697A341E1AEF32A100F36008 /* Frameworks */,
				697A341F1AEF32A100F36008 /* Resources */,
			);
			buildRules = (
			);
			dependencies = (
			);
			name = HandsOffDemo;
			productName = HandsOffDemo;
			productReference = 697A34211AEF32A100F36008 /* HandsOffDemo.app */;
			productType = "com.apple.product-type.application";
		};
		697A343C1AEF32A100F36008 /* HandsOffDemoTests */ = {
			isa = PBXNativeTarget;
			buildConfigurationList = 697A344A1AEF32A100F36008 /* Build configuration list for PBXNativeTarget "HandsOffDemoTests" */;
			buildPhases = (
				697A34391AEF32A100F36008 /* Sources */,
				697A343A1AEF32A100F36008 /* Frameworks */,
				697A343B1AEF32A100F36008 /* Resources */,
			);
			buildRules = (
			);
			dependencies = (
				697A343F1AEF32A100F36008 /* PBXTargetDependency */,
			);
			name = HandsOffDemoTests;
			productName = HandsOffDemoTests;
			productReference = 697A343D1AEF32A100F36008 /* HandsOffDemoTests.xctest */;
			productType = "com.apple.product-type.bundle.unit-test";
		};
/* End PBXNativeTarget section */

/* Begin PBXProject section */
		697A34191AEF32A100F36008 /* Project object */ = {
			isa = PBXProject;
			attributes = {
				LastUpgradeCheck = 0630;
				ORGANIZATIONNAME = iandai;
				TargetAttributes = {
					697A34201AEF32A100F36008 = {
						CreatedOnToolsVersion = 6.3.1;
						DevelopmentTeam = S7G9J68NLX;
						SystemCapabilities = {
							com.apple.SafariKeychain = {
								enabled = 0;
							};
						};
					};
					697A343C1AEF32A100F36008 = {
						CreatedOnToolsVersion = 6.3.1;
						TestTargetID = 697A34201AEF32A100F36008;
					};
				};
			};
			buildConfigurationList = 697A341C1AEF32A100F36008 /* Build configuration list for PBXProject "HandsOffDemo" */;
			compatibilityVersion = "Xcode 3.2";
			developmentRegion = English;
			hasScannedForEncodings = 0;
			knownRegions = (
				en,
				Base,
			);
			mainGroup = 697A34181AEF32A100F36008;
			productRefGroup = 697A34221AEF32A100F36008 /* Products */;
			projectDirPath = "";
			projectRoot = "";
			targets = (
				697A34201AEF32A100F36008 /* HandsOffDemo */,
				697A343C1AEF32A100F36008 /* HandsOffDemoTests */,
			);
		};
/* End PBXProject section */

/* Begin PBXResourcesBuildPhase section */
		697A341F1AEF32A100F36008 /* Resources */ = {
			isa = PBXResourcesBuildPhase;
			buildActionMask = 2147483647;
			files = (
				697A344F1AEF3D2900F36008 /* README.md in Resources */,
				697A34331AEF32A100F36008 /* Main.storyboard in Resources */,
				697A34381AEF32A100F36008 /* LaunchScreen.xib in Resources */,
				697A34351AEF32A100F36008 /* Images.xcassets in Resources */,
			);
			runOnlyForDeploymentPostprocessing = 0;
		};
		697A343B1AEF32A100F36008 /* Resources */ = {
			isa = PBXResourcesBuildPhase;
			buildActionMask = 2147483647;
			files = (
			);
			runOnlyForDeploymentPostprocessing = 0;
		};
/* End PBXResourcesBuildPhase section */

/* Begin PBXSourcesBuildPhase section */
		697A341D1AEF32A100F36008 /* Sources */ = {
			isa = PBXSourcesBuildPhase;
			buildActionMask = 2147483647;
			files = (
				697A342A1AEF32A100F36008 /* AppDelegate.m in Sources */,
				697A342D1AEF32A100F36008 /* MasterViewController.m in Sources */,
				697A34271AEF32A100F36008 /* main.m in Sources */,
				697A34301AEF32A100F36008 /* DetailViewController.m in Sources */,
			);
			runOnlyForDeploymentPostprocessing = 0;
		};
		697A34391AEF32A100F36008 /* Sources */ = {
			isa = PBXSourcesBuildPhase;
			buildActionMask = 2147483647;
			files = (
				697A34441AEF32A100F36008 /* HandsOffDemoTests.m in Sources */,
			);
			runOnlyForDeploymentPostprocessing = 0;
		};
/* End PBXSourcesBuildPhase section */

/* Begin PBXTargetDependency section */
		697A343F1AEF32A100F36008 /* PBXTargetDependency */ = {
			isa = PBXTargetDependency;
			target = 697A34201AEF32A100F36008 /* HandsOffDemo */;
			targetProxy = 697A343E1AEF32A100F36008 /* PBXContainerItemProxy */;
		};
/* End PBXTargetDependency section */

/* Begin PBXVariantGroup section */
		697A34311AEF32A100F36008 /* Main.storyboard */ = {
			isa = PBXVariantGroup;
			children = (
				697A34321AEF32A100F36008 /* Base */,
			);
			name = Main.storyboard;
			sourceTree = "<group>";
		};
		697A34361AEF32A100F36008 /* LaunchScreen.xib */ = {
			isa = PBXVariantGroup;
			children = (
				697A34371AEF32A100F36008 /* Base */,
			);
			name = LaunchScreen.xib;
			sourceTree = "<group>";
		};
/* End PBXVariantGroup section */

/* Begin XCBuildConfiguration section */
		697A34451AEF32A100F36008 /* Debug */ = {
			isa = XCBuildConfiguration;
			buildSettings = {
				ALWAYS_SEARCH_USER_PATHS = NO;
				CLANG_CXX_LANGUAGE_STANDARD = "gnu++0x";
				CLANG_CXX_LIBRARY = "libc++";
				CLANG_ENABLE_MODULES = YES;
				CLANG_ENABLE_OBJC_ARC = YES;
				CLANG_WARN_BOOL_CONVERSION = YES;
				CLANG_WARN_CONSTANT_CONVERSION = YES;
				CLANG_WARN_DIRECT_OBJC_ISA_USAGE = YES_ERROR;
				CLANG_WARN_EMPTY_BODY = YES;
				CLANG_WARN_ENUM_CONVERSION = YES;
				CLANG_WARN_INT_CONVERSION = YES;
				CLANG_WARN_OBJC_ROOT_CLASS = YES_ERROR;
				CLANG_WARN_UNREACHABLE_CODE = YES;
				CLANG_WARN__DUPLICATE_METHOD_MATCH = YES;
				"CODE_SIGN_IDENTITY[sdk=iphoneos*]" = "iPhone Developer";
				COPY_PHASE_STRIP = NO;
				DEBUG_INFORMATION_FORMAT = "dwarf-with-dsym";
				ENABLE_STRICT_OBJC_MSGSEND = YES;
				GCC_C_LANGUAGE_STANDARD = gnu99;
				GCC_DYNAMIC_NO_PIC = NO;
				GCC_NO_COMMON_BLOCKS = YES;
				GCC_OPTIMIZATION_LEVEL = 0;
				GCC_PREPROCESSOR_DEFINITIONS = (
					"DEBUG=1",
					"$(inherited)",
				);
				GCC_SYMBOLS_PRIVATE_EXTERN = NO;
				GCC_WARN_64_TO_32_BIT_CONVERSION = YES;
				GCC_WARN_ABOUT_RETURN_TYPE = YES_ERROR;
				GCC_WARN_UNDECLARED_SELECTOR = YES;
				GCC_WARN_UNINITIALIZED_AUTOS = YES_AGGRESSIVE;
				GCC_WARN_UNUSED_FUNCTION = YES;
				GCC_WARN_UNUSED_VARIABLE = YES;
				IPHONEOS_DEPLOYMENT_TARGET = 8.3;
				MTL_ENABLE_DEBUG_INFO = YES;
				ONLY_ACTIVE_ARCH = YES;
				SDKROOT = iphoneos;
			};
			name = Debug;
		};
		697A34461AEF32A100F36008 /* Release */ = {
			isa = XCBuildConfiguration;
			buildSettings = {
				ALWAYS_SEARCH_USER_PATHS = NO;
				CLANG_CXX_LANGUAGE_STANDARD = "gnu++0x";
				CLANG_CXX_LIBRARY = "libc++";
				CLANG_ENABLE_MODULES = YES;
				CLANG_ENABLE_OBJC_ARC = YES;
				CLANG_WARN_BOOL_CONVERSION = YES;
				CLANG_WARN_CONSTANT_CONVERSION = YES;
				CLANG_WARN_DIRECT_OBJC_ISA_USAGE = YES_ERROR;
				CLANG_WARN_EMPTY_BODY = YES;
				CLANG_WARN_ENUM_CONVERSION = YES;
				CLANG_WARN_INT_CONVERSION = YES;
				CLANG_WARN_OBJC_ROOT_CLASS = YES_ERROR;
				CLANG_WARN_UNREACHABLE_CODE = YES;
				CLANG_WARN__DUPLICATE_METHOD_MATCH = YES;
				"CODE_SIGN_IDENTITY[sdk=iphoneos*]" = "iPhone Developer";
				COPY_PHASE_STRIP = NO;
				DEBUG_INFORMATION_FORMAT = "dwarf-with-dsym";
				ENABLE_NS_ASSERTIONS = NO;
				ENABLE_STRICT_OBJC_MSGSEND = YES;
				GCC_C_LANGUAGE_STANDARD = gnu99;
				GCC_NO_COMMON_BLOCKS = YES;
				GCC_WARN_64_TO_32_BIT_CONVERSION = YES;
				GCC_WARN_ABOUT_RETURN_TYPE = YES_ERROR;
				GCC_WARN_UNDECLARED_SELECTOR = YES;
				GCC_WARN_UNINITIALIZED_AUTOS = YES_AGGRESSIVE;
				GCC_WARN_UNUSED_FUNCTION = YES;
				GCC_WARN_UNUSED_VARIABLE = YES;
				IPHONEOS_DEPLOYMENT_TARGET = 8.3;
				MTL_ENABLE_DEBUG_INFO = NO;
				SDKROOT = iphoneos;
				VALIDATE_PRODUCT = YES;
			};
			name = Release;
		};
		697A34481AEF32A100F36008 /* Debug */ = {
			isa = XCBuildConfiguration;
			buildSettings = {
				ASSETCATALOG_COMPILER_APPICON_NAME = AppIcon;
				CODE_SIGN_IDENTITY = "iPhone Developer";
				"CODE_SIGN_IDENTITY[sdk=iphoneos*]" = "iPhone Developer";
				INFOPLIST_FILE = HandsOffDemo/Info.plist;
				LD_RUNPATH_SEARCH_PATHS = "$(inherited) @executable_path/Frameworks";
				PRODUCT_NAME = "$(TARGET_NAME)";
				PROVISIONING_PROFILE = "";
			};
			name = Debug;
		};
		697A34491AEF32A100F36008 /* Release */ = {
			isa = XCBuildConfiguration;
			buildSettings = {
				ASSETCATALOG_COMPILER_APPICON_NAME = AppIcon;
				CODE_SIGN_IDENTITY = "iPhone Developer";
				"CODE_SIGN_IDENTITY[sdk=iphoneos*]" = "iPhone Developer";
				INFOPLIST_FILE = HandsOffDemo/Info.plist;
				LD_RUNPATH_SEARCH_PATHS = "$(inherited) @executable_path/Frameworks";
				PRODUCT_NAME = "$(TARGET_NAME)";
				PROVISIONING_PROFILE = "";
			};
			name = Release;
		};
		697A344B1AEF32A100F36008 /* Debug */ = {
			isa = XCBuildConfiguration;
			buildSettings = {
				BUNDLE_LOADER = "$(TEST_HOST)";
				FRAMEWORK_SEARCH_PATHS = (
					"$(SDKROOT)/Developer/Library/Frameworks",
					"$(inherited)",
				);
				GCC_PREPROCESSOR_DEFINITIONS = (
					"DEBUG=1",
					"$(inherited)",
				);
				INFOPLIST_FILE = HandsOffDemoTests/Info.plist;
				LD_RUNPATH_SEARCH_PATHS = "$(inherited) @executable_path/Frameworks @loader_path/Frameworks";
				PRODUCT_NAME = "$(TARGET_NAME)";
				TEST_HOST = "$(BUILT_PRODUCTS_DIR)/HandsOffDemo.app/HandsOffDemo";
			};
			name = Debug;
		};
		697A344C1AEF32A100F36008 /* Release */ = {
			isa = XCBuildConfiguration;
			buildSettings = {
				BUNDLE_LOADER = "$(TEST_HOST)";
				FRAMEWORK_SEARCH_PATHS = (
					"$(SDKROOT)/Developer/Library/Frameworks",
					"$(inherited)",
				);
				INFOPLIST_FILE = HandsOffDemoTests/Info.plist;
				LD_RUNPATH_SEARCH_PATHS = "$(inherited) @executable_path/Frameworks @loader_path/Frameworks";
				PRODUCT_NAME = "$(TARGET_NAME)";
				TEST_HOST = "$(BUILT_PRODUCTS_DIR)/HandsOffDemo.app/HandsOffDemo";
			};
			name = Release;
		};
/* End XCBuildConfiguration section */

/* Begin XCConfigurationList section */
		697A341C1AEF32A100F36008 /* Build configuration list for PBXProject "HandsOffDemo" */ = {
			isa = XCConfigurationList;
			buildConfigurations = (
				697A34451AEF32A100F36008 /* Debug */,
				697A34461AEF32A100F36008 /* Release */,
			);
			defaultConfigurationIsVisible = 0;
			defaultConfigurationName = Release;
		};
		697A34471AEF32A100F36008 /* Build configuration list for PBXNativeTarget "HandsOffDemo" */ = {
			isa = XCConfigurationList;
			buildConfigurations = (
				697A34481AEF32A100F36008 /* Debug */,
				697A34491AEF32A100F36008 /* Release */,
			);
			defaultConfigurationIsVisible = 0;
		};
		697A344A1AEF32A100F36008 /* Build configuration list for PBXNativeTarget "HandsOffDemoTests" */ = {
			isa = XCConfigurationList;
			buildConfigurations = (
				697A344B1AEF32A100F36008 /* Debug */,
				697A344C1AEF32A100F36008 /* Release */,
			);
			defaultConfigurationIsVisible = 0;
		};
/* End XCConfigurationList section */
	};
	rootObject = 697A34191AEF32A100F36008 /* Project object */;
}
